
Microsoft Visual Studio Solution File, Format Version 12.00
# Visual Studio Version 17
VisualStudioVersion = 17.0.31903.59
MinimumVisualStudioVersion = 10.0.40219.1
Project("{2150E333-8FDC-42A3-9474-1A3956D46DE8}") = "blazor", "blazor", "{619AD3C5-E1D3-4CEA-A789-5A40D234B558}"
EndProject
Project("{FAE04EC0-301F-11D3-BF4B-00C04F79EFBC}") = "BlazorRegexValidator", "blazor\BlazorRegexValidator\BlazorRegexValidator.csproj", "{41766028-5C04-48FF-B20E-388FDB3498AE}"
EndProject
Global
	GlobalSection(SolutionConfigurationPlatforms) = preSolution
		Debug|Any CPU = Debug|Any CPU
		Release|Any CPU = Release|Any CPU
	EndGlobalSection
	GlobalSection(SolutionProperties) = preSolution
		HideSolutionNode = FALSE
	EndGlobalSection
	GlobalSection(ProjectConfigurationPlatforms) = postSolution
		{41766028-5C04-48FF-B20E-388FDB3498AE}.Debug|Any CPU.ActiveCfg = Debug|Any CPU
		{41766028-5C04-48FF-B20E-388FDB3498AE}.Debug|Any CPU.Build.0 = Debug|Any CPU
		{41766028-5C04-48FF-B20E-388FDB3498AE}.Release|Any CPU.ActiveCfg = Release|Any CPU
		{41766028-5C04-48FF-B20E-388FDB3498AE}.Release|Any CPU.Build.0 = Release|Any CPU
	EndGlobalSection
	GlobalSection(NestedProjects) = preSolution
		{41766028-5C04-48FF-B20E-388FDB3498AE} = {619AD3C5-E1D3-4CEA-A789-5A40D234B558}
	EndGlobalSection
EndGlobal
